
Microsoft Visual Studio Solution File, Format Version 12.00
# Visual Studio Version 17
VisualStudioVersion = 17.4.33103.184
MinimumVisualStudioVersion = 10.0.40219.1
Project("{FAE04EC0-301F-11D3-BF4B-00C04F79EFBC}") = "ArrayAssignment", "ArrayAssignment.csproj", "{18B8BF3E-7E29-4779-9552-242666A2C04F}"
EndProject
Global
	GlobalSection(SolutionConfigurationPlatforms) = preSolution
		Debug|Any CPU = Debug|Any CPU
		Release|Any CPU = Release|Any CPU
	EndGlobalSection
	GlobalSection(ProjectConfigurationPlatforms) = postSolution
		{18B8BF3E-7E29-4779-9552-242666A2C04F}.Debug|Any CPU.ActiveCfg = Debug|Any CPU
		{18B8BF3E-7E29-4779-9552-242666A2C04F}.Debug|Any CPU.Build.0 = Debug|Any CPU
		{18B8BF3E-7E29-4779-9552-242666A2C04F}.Release|Any CPU.ActiveCfg = Release|Any CPU
		{18B8BF3E-7E29-4779-9552-242666A2C04F}.Release|Any CPU.Build.0 = Release|Any CPU
	EndGlobalSection
	GlobalSection(SolutionProperties) = preSolution
		HideSolutionNode = FALSE
	EndGlobalSection
	GlobalSection(ExtensibilityGlobals) = postSolution
		SolutionGuid = {171E6219-C6C3-4C90-B5B8-C804433E39A0}
	EndGlobalSection
EndGlobal
