
Microsoft Visual Studio Solution File, Format Version 12.00
# Visual Studio Version 17
VisualStudioVersion = 17.4.33103.184
MinimumVisualStudioVersion = 10.0.40219.1
Project("{FAE04EC0-301F-11D3-BF4B-00C04F79EFBC}") = "StudentRegisterFormDemo", "StudentRegisterFormDemo.csproj", "{B24F62FE-5DC8-4480-B201-DE8EB11A4BC4}"
EndProject
Global
	GlobalSection(SolutionConfigurationPlatforms) = preSolution
		Debug|Any CPU = Debug|Any CPU
		Release|Any CPU = Release|Any CPU
	EndGlobalSection
	GlobalSection(ProjectConfigurationPlatforms) = postSolution
		{B24F62FE-5DC8-4480-B201-DE8EB11A4BC4}.Debug|Any CPU.ActiveCfg = Debug|Any CPU
		{B24F62FE-5DC8-4480-B201-DE8EB11A4BC4}.Debug|Any CPU.Build.0 = Debug|Any CPU
		{B24F62FE-5DC8-4480-B201-DE8EB11A4BC4}.Release|Any CPU.ActiveCfg = Release|Any CPU
		{B24F62FE-5DC8-4480-B201-DE8EB11A4BC4}.Release|Any CPU.Build.0 = Release|Any CPU
	EndGlobalSection
	GlobalSection(SolutionProperties) = preSolution
		HideSolutionNode = FALSE
	EndGlobalSection
	GlobalSection(ExtensibilityGlobals) = postSolution
		SolutionGuid = {9D47A754-3223-493F-93E2-F607CB88AACA}
	EndGlobalSection
EndGlobal
