
Microsoft Visual Studio Solution File, Format Version 12.00
# Visual Studio Version 17
VisualStudioVersion = 17.4.33110.190
MinimumVisualStudioVersion = 10.0.40219.1
Project("{FAE04EC0-301F-11D3-BF4B-00C04F79EFBC}") = "SalarySystem", "SalarySystem.csproj", "{B6FA8BF0-5317-44A5-910C-586DE94418B6}"
EndProject
Global
	GlobalSection(SolutionConfigurationPlatforms) = preSolution
		Debug|Any CPU = Debug|Any CPU
		Release|Any CPU = Release|Any CPU
	EndGlobalSection
	GlobalSection(ProjectConfigurationPlatforms) = postSolution
		{B6FA8BF0-5317-44A5-910C-586DE94418B6}.Debug|Any CPU.ActiveCfg = Debug|Any CPU
		{B6FA8BF0-5317-44A5-910C-586DE94418B6}.Debug|Any CPU.Build.0 = Debug|Any CPU
		{B6FA8BF0-5317-44A5-910C-586DE94418B6}.Release|Any CPU.ActiveCfg = Release|Any CPU
		{B6FA8BF0-5317-44A5-910C-586DE94418B6}.Release|Any CPU.Build.0 = Release|Any CPU
	EndGlobalSection
	GlobalSection(SolutionProperties) = preSolution
		HideSolutionNode = FALSE
	EndGlobalSection
	GlobalSection(ExtensibilityGlobals) = postSolution
		SolutionGuid = {11D236FA-8EA0-4486-8EFE-3D13F5190AE0}
	EndGlobalSection
EndGlobal
