
Microsoft Visual Studio Solution File, Format Version 12.00
# Visual Studio Version 17
VisualStudioVersion = 17.4.33110.190
MinimumVisualStudioVersion = 10.0.40219.1
Project("{FAE04EC0-301F-11D3-BF4B-00C04F79EFBC}") = "lambda", "lambda.csproj", "{FF04A4E5-A372-4392-B4B8-6C4713A5B368}"
EndProject
Global
	GlobalSection(SolutionConfigurationPlatforms) = preSolution
		Debug|Any CPU = Debug|Any CPU
		Release|Any CPU = Release|Any CPU
	EndGlobalSection
	GlobalSection(ProjectConfigurationPlatforms) = postSolution
		{FF04A4E5-A372-4392-B4B8-6C4713A5B368}.Debug|Any CPU.ActiveCfg = Debug|Any CPU
		{FF04A4E5-A372-4392-B4B8-6C4713A5B368}.Debug|Any CPU.Build.0 = Debug|Any CPU
		{FF04A4E5-A372-4392-B4B8-6C4713A5B368}.Release|Any CPU.ActiveCfg = Release|Any CPU
		{FF04A4E5-A372-4392-B4B8-6C4713A5B368}.Release|Any CPU.Build.0 = Release|Any CPU
	EndGlobalSection
	GlobalSection(SolutionProperties) = preSolution
		HideSolutionNode = FALSE
	EndGlobalSection
	GlobalSection(ExtensibilityGlobals) = postSolution
		SolutionGuid = {0175E336-CFF4-48B3-A220-EAC28ED12F0D}
	EndGlobalSection
EndGlobal
