
Microsoft Visual Studio Solution File, Format Version 12.00
# Visual Studio Version 17
VisualStudioVersion = 17.4.33122.133
MinimumVisualStudioVersion = 10.0.40219.1
Project("{FAE04EC0-301F-11D3-BF4B-00C04F79EFBC}") = "ConsoleApp2", "ConsoleApp2.csproj", "{E037B250-8C63-43FB-9947-9D88B8B1E064}"
EndProject
Global
	GlobalSection(SolutionConfigurationPlatforms) = preSolution
		Debug|Any CPU = Debug|Any CPU
		Release|Any CPU = Release|Any CPU
	EndGlobalSection
	GlobalSection(ProjectConfigurationPlatforms) = postSolution
		{E037B250-8C63-43FB-9947-9D88B8B1E064}.Debug|Any CPU.ActiveCfg = Debug|Any CPU
		{E037B250-8C63-43FB-9947-9D88B8B1E064}.Debug|Any CPU.Build.0 = Debug|Any CPU
		{E037B250-8C63-43FB-9947-9D88B8B1E064}.Release|Any CPU.ActiveCfg = Release|Any CPU
		{E037B250-8C63-43FB-9947-9D88B8B1E064}.Release|Any CPU.Build.0 = Release|Any CPU
	EndGlobalSection
	GlobalSection(SolutionProperties) = preSolution
		HideSolutionNode = FALSE
	EndGlobalSection
	GlobalSection(ExtensibilityGlobals) = postSolution
		SolutionGuid = {0FD66A1D-C520-498B-AAF9-803209E8E2C0}
	EndGlobalSection
EndGlobal
